PODS:
  - TFThisshopKit (0.1.0)

DEPENDENCIES:
  - TFThisshopKit (from `https://raw.githubusercontent.com/thaifintech-hub/TFThisshopKit/main/iOS/TFThisshopKit.podspec`)

EXTERNAL SOURCES:
  TFThisshopKit:
    :podspec: https://raw.githubusercontent.com/thaifintech-hub/TFThisshopKit/main/iOS/TFThisshopKit.podspec

SPEC CHECKSUMS:
  TFThisshopKit: f4f2a4cf244589244c5a4c8b197861d4117861a6

PODFILE CHECKSUM: fce6766bb7cdae0d5e566d02b038605f76a8f71e

COCOAPODS: 1.9.3
