PODS:
  - TFThisshopKit (0.1.2)

DEPENDENCIES:
  - TFThisshopKit (from `https://raw.githubusercontent.com/thaifintech-hub/TFThisshopKit/main/iOS/TFThisshopKit.podspec`)

EXTERNAL SOURCES:
  TFThisshopKit:
    :podspec: https://raw.githubusercontent.com/thaifintech-hub/TFThisshopKit/main/iOS/TFThisshopKit.podspec

SPEC CHECKSUMS:
  TFThisshopKit: b0f9ba6de732ef11393989e3f4a0f9ff96ee370b

PODFILE CHECKSUM: 6426d7b3cbd160e009047900f9bc006cdf601fd2

COCOAPODS: 1.9.3
