PODS:
  - TFThisshopKit (0.1.0)

DEPENDENCIES:
  - TFThisshopKit (from `https://raw.githubusercontent.com/thaifintech-hub/TFThisshopKit/main/iOS/TFThisshopKit.podspec`)

EXTERNAL SOURCES:
  TFThisshopKit:
    :podspec: https://raw.githubusercontent.com/thaifintech-hub/TFThisshopKit/main/iOS/TFThisshopKit.podspec

SPEC CHECKSUMS:
  TFThisshopKit: a9401d293fec0ac84b76c95e3beb6cd697ff7b9c

PODFILE CHECKSUM: 6426d7b3cbd160e009047900f9bc006cdf601fd2

COCOAPODS: 1.9.3
